
Microsoft Visual Studio Solution File, Format Version 12.00
# Visual Studio Version 17
VisualStudioVersion = 17.4.33110.190
MinimumVisualStudioVersion = 10.0.40219.1
Project("{9A19103F-16F7-4668-BE54-9A1E7A4F7556}") = "PizzaWebApp.Models", "PizzaWebApp.Models\PizzaWebApp.Models.csproj", "{046EEC8A-EF9B-4B31-97DA-5F44543A7D4E}"
EndProject
Project("{9A19103F-16F7-4668-BE54-9A1E7A4F7556}") = "PizzaWebApp.DAL", "PizzaWebApp.DAL\PizzaWebApp.DAL.csproj", "{E203269D-3886-4072-8CDD-1BB5445322CE}"
EndProject
Project("{FAE04EC0-301F-11D3-BF4B-00C04F79EFBC}") = "PizzaWebApp.Web", "PizzaWebApp.Web\PizzaWebApp.Web.csproj", "{BE87AA28-D756-4178-9362-0087A7AC0F27}"
EndProject
Global
	GlobalSection(SolutionConfigurationPlatforms) = preSolution
		Debug|Any CPU = Debug|Any CPU
		Release|Any CPU = Release|Any CPU
	EndGlobalSection
	GlobalSection(ProjectConfigurationPlatforms) = postSolution
		{046EEC8A-EF9B-4B31-97DA-5F44543A7D4E}.Debug|Any CPU.ActiveCfg = Debug|Any CPU
		{046EEC8A-EF9B-4B31-97DA-5F44543A7D4E}.Debug|Any CPU.Build.0 = Debug|Any CPU
		{046EEC8A-EF9B-4B31-97DA-5F44543A7D4E}.Release|Any CPU.ActiveCfg = Release|Any CPU
		{046EEC8A-EF9B-4B31-97DA-5F44543A7D4E}.Release|Any CPU.Build.0 = Release|Any CPU
		{E203269D-3886-4072-8CDD-1BB5445322CE}.Debug|Any CPU.ActiveCfg = Debug|Any CPU
		{E203269D-3886-4072-8CDD-1BB5445322CE}.Debug|Any CPU.Build.0 = Debug|Any CPU
		{E203269D-3886-4072-8CDD-1BB5445322CE}.Release|Any CPU.ActiveCfg = Release|Any CPU
		{E203269D-3886-4072-8CDD-1BB5445322CE}.Release|Any CPU.Build.0 = Release|Any CPU
		{BE87AA28-D756-4178-9362-0087A7AC0F27}.Debug|Any CPU.ActiveCfg = Debug|Any CPU
		{BE87AA28-D756-4178-9362-0087A7AC0F27}.Debug|Any CPU.Build.0 = Debug|Any CPU
		{BE87AA28-D756-4178-9362-0087A7AC0F27}.Release|Any CPU.ActiveCfg = Release|Any CPU
		{BE87AA28-D756-4178-9362-0087A7AC0F27}.Release|Any CPU.Build.0 = Release|Any CPU
	EndGlobalSection
	GlobalSection(SolutionProperties) = preSolution
		HideSolutionNode = FALSE
	EndGlobalSection
	GlobalSection(ExtensibilityGlobals) = postSolution
		SolutionGuid = {E589A10A-2302-4F5B-8B4C-010BB07F731E}
	EndGlobalSection
EndGlobal
